
Microsoft Visual Studio Solution File, Format Version 12.00
# Visual Studio Version 17
VisualStudioVersion = 17.4.33205.214
MinimumVisualStudioVersion = 10.0.40219.1
Project("{9A19103F-16F7-4668-BE54-9A1E7A4F7556}") = "WinampControl", "WinampControl.csproj", "{90EF1205-BA06-4663-B08B-B2E49A0A9744}"
EndProject
Global
	GlobalSection(SolutionConfigurationPlatforms) = preSolution
		Debug|Any CPU = Debug|Any CPU
		Debug|x64 = Debug|x64
		Release|Any CPU = Release|Any CPU
		Release|x64 = Release|x64
	EndGlobalSection
	GlobalSection(ProjectConfigurationPlatforms) = postSolution
		{90EF1205-BA06-4663-B08B-B2E49A0A9744}.Debug|Any CPU.ActiveCfg = Debug|Any CPU
		{90EF1205-BA06-4663-B08B-B2E49A0A9744}.Debug|Any CPU.Build.0 = Debug|Any CPU
		{90EF1205-BA06-4663-B08B-B2E49A0A9744}.Debug|x64.ActiveCfg = Debug|x64
		{90EF1205-BA06-4663-B08B-B2E49A0A9744}.Debug|x64.Build.0 = Debug|x64
		{90EF1205-BA06-4663-B08B-B2E49A0A9744}.Release|Any CPU.ActiveCfg = Release|Any CPU
		{90EF1205-BA06-4663-B08B-B2E49A0A9744}.Release|Any CPU.Build.0 = Release|Any CPU
		{90EF1205-BA06-4663-B08B-B2E49A0A9744}.Release|x64.ActiveCfg = Release|x64
		{90EF1205-BA06-4663-B08B-B2E49A0A9744}.Release|x64.Build.0 = Release|x64
	EndGlobalSection
	GlobalSection(SolutionProperties) = preSolution
		HideSolutionNode = FALSE
	EndGlobalSection
	GlobalSection(ExtensibilityGlobals) = postSolution
		SolutionGuid = {D5719E05-0053-43F3-AB5C-EE8BA820BF29}
	EndGlobalSection
EndGlobal
